
Microsoft Visual Studio Solution File, Format Version 12.00
Project("{FAE04EC0-301F-11D3-BF4B-00C04F79EFBC}") = "SingletonPattern", "SingletonPattern\SingletonPattern.csproj", "{1ABBF7EB-8042-4895-A694-291FCEE266EF}"
EndProject
Global
	GlobalSection(SolutionConfigurationPlatforms) = preSolution
		Debug|Any CPU = Debug|Any CPU
		Release|Any CPU = Release|Any CPU
	EndGlobalSection
	GlobalSection(ProjectConfigurationPlatforms) = postSolution
		{1ABBF7EB-8042-4895-A694-291FCEE266EF}.Debug|Any CPU.ActiveCfg = Debug|Any CPU
		{1ABBF7EB-8042-4895-A694-291FCEE266EF}.Debug|Any CPU.Build.0 = Debug|Any CPU
		{1ABBF7EB-8042-4895-A694-291FCEE266EF}.Release|Any CPU.ActiveCfg = Release|Any CPU
		{1ABBF7EB-8042-4895-A694-291FCEE266EF}.Release|Any CPU.Build.0 = Release|Any CPU
	EndGlobalSection
EndGlobal
